
Microsoft Visual Studio Solution File, Format Version 12.00
# Visual Studio Version 16
VisualStudioVersion = 16.0.30011.22
MinimumVisualStudioVersion = 10.0.40219.1
Project("{9A19103F-16F7-4668-BE54-9A1E7A4F7556}") = "InternshipApp", "InternshipApp.csproj", "{497C8A3F-8FF9-471B-BB4D-21B43112978D}"
EndProject
Global
	GlobalSection(SolutionConfigurationPlatforms) = preSolution
		Debug|Any CPU = Debug|Any CPU
		Release|Any CPU = Release|Any CPU
	EndGlobalSection
	GlobalSection(ProjectConfigurationPlatforms) = postSolution
		{497C8A3F-8FF9-471B-BB4D-21B43112978D}.Debug|Any CPU.ActiveCfg = Debug|Any CPU
		{497C8A3F-8FF9-471B-BB4D-21B43112978D}.Debug|Any CPU.Build.0 = Debug|Any CPU
		{497C8A3F-8FF9-471B-BB4D-21B43112978D}.Release|Any CPU.ActiveCfg = Release|Any CPU
		{497C8A3F-8FF9-471B-BB4D-21B43112978D}.Release|Any CPU.Build.0 = Release|Any CPU
	EndGlobalSection
	GlobalSection(SolutionProperties) = preSolution
		HideSolutionNode = FALSE
	EndGlobalSection
	GlobalSection(ExtensibilityGlobals) = postSolution
		SolutionGuid = {5ECEEB4F-DE21-4BDD-95D1-1EAEAD6B8147}
	EndGlobalSection
EndGlobal
